
Microsoft Visual Studio Solution File, Format Version 12.00
# Visual Studio Version 16
VisualStudioVersion = 16.0.31205.134
MinimumVisualStudioVersion = 10.0.40219.1
Project("{FAE04EC0-301F-11D3-BF4B-00C04F79EFBC}") = "ButtonHover", "ButtonHover\ButtonHover.csproj", "{88D9DDC7-72A1-4BB9-8AF2-B0B5B32EA67D}"
EndProject
Global
	GlobalSection(SolutionConfigurationPlatforms) = preSolution
		Debug|Any CPU = Debug|Any CPU
		Release|Any CPU = Release|Any CPU
	EndGlobalSection
	GlobalSection(ProjectConfigurationPlatforms) = postSolution
		{88D9DDC7-72A1-4BB9-8AF2-B0B5B32EA67D}.Debug|Any CPU.ActiveCfg = Debug|Any CPU
		{88D9DDC7-72A1-4BB9-8AF2-B0B5B32EA67D}.Debug|Any CPU.Build.0 = Debug|Any CPU
		{88D9DDC7-72A1-4BB9-8AF2-B0B5B32EA67D}.Release|Any CPU.ActiveCfg = Release|Any CPU
		{88D9DDC7-72A1-4BB9-8AF2-B0B5B32EA67D}.Release|Any CPU.Build.0 = Release|Any CPU
	EndGlobalSection
	GlobalSection(SolutionProperties) = preSolution
		HideSolutionNode = FALSE
	EndGlobalSection
	GlobalSection(ExtensibilityGlobals) = postSolution
		SolutionGuid = {380A5807-D506-41E4-B7D7-0F33D692DFF3}
	EndGlobalSection
EndGlobal
